// !$*UTF8*$!
{
	archiveVersion = 1;
	classes = {
	};
	objectVersion = 48;
	objects = {

/* Begin PBXBuildFile section */
		7F15935F2063F48F0092CF58 /* DataBroker.swift in Sources */ = {isa = PBXBuildFile; fileRef = 7F15935E2063F48F0092CF58 /* DataBroker.swift */; };
		7F258EE62061E33100A1B6ED /* AppDelegate.swift in Sources */ = {isa = PBXBuildFile; fileRef = 7F258EE52061E33100A1B6ED /* AppDelegate.swift */; };
		7F258EE82061E33100A1B6ED /* ViewController.swift in Sources */ = {isa = PBXBuildFile; fileRef = 7F258EE72061E33100A1B6ED /* ViewController.swift */; };
		7F258EEB2061E33100A1B6ED /* Main.storyboard in Resources */ = {isa = PBXBuildFile; fileRef = 7F258EE92061E33100A1B6ED /* Main.storyboard */; };
		7F258EED2061E33100A1B6ED /* Assets.xcassets in Resources */ = {isa = PBXBuildFile; fileRef = 7F258EEC2061E33100A1B6ED /* Assets.xcassets */; };
		7F258EF02061E33100A1B6ED /* LaunchScreen.storyboard in Resources */ = {isa = PBXBuildFile; fileRef = 7F258EEE2061E33100A1B6ED /* LaunchScreen.storyboard */; };
		7F258EFB2061E33100A1B6ED /* On_The_MapTests.swift in Sources */ = {isa = PBXBuildFile; fileRef = 7F258EFA2061E33100A1B6ED /* On_The_MapTests.swift */; };
		7F258F062061E5ED00A1B6ED /* LoginTests.swift in Sources */ = {isa = PBXBuildFile; fileRef = 7F258F052061E5ED00A1B6ED /* LoginTests.swift */; };
		7F258F082061E7EA00A1B6ED /* LoginViewController.swift in Sources */ = {isa = PBXBuildFile; fileRef = 7F258F072061E7EA00A1B6ED /* LoginViewController.swift */; };
		7F258F0A2062752500A1B6ED /* batcat.jpg in Resources */ = {isa = PBXBuildFile; fileRef = 7F258F092062752500A1B6ED /* batcat.jpg */; };
		7F258F0C2062CA9300A1B6ED /* StudentLocation.swift in Sources */ = {isa = PBXBuildFile; fileRef = 7F258F0B2062CA9300A1B6ED /* StudentLocation.swift */; };
		7F258F0F2062CB1C00A1B6ED /* RequestResult.swift in Sources */ = {isa = PBXBuildFile; fileRef = 7F258F0E2062CB1C00A1B6ED /* RequestResult.swift */; };
		7F2D92AC206C33070044F8DE /* MapViewController.swift in Sources */ = {isa = PBXBuildFile; fileRef = 7F2D92AB206C33070044F8DE /* MapViewController.swift */; };
		7F472DED20867886000E86A4 /* GCDBlackBox.swift in Sources */ = {isa = PBXBuildFile; fileRef = 7F472DEC20867886000E86A4 /* GCDBlackBox.swift */; };
		7FB68FFD2090FF15008A07AA /* AddPinViewController.swift in Sources */ = {isa = PBXBuildFile; fileRef = 7FB68FFC2090FF15008A07AA /* AddPinViewController.swift */; };
		7FB6900120910CC8008A07AA /* ConfirmPinViewController.swift in Sources */ = {isa = PBXBuildFile; fileRef = 7FB6900020910CC8008A07AA /* ConfirmPinViewController.swift */; };
		7FB690032093817A008A07AA /* PinListViewController.swift in Sources */ = {isa = PBXBuildFile; fileRef = 7FB690022093817A008A07AA /* PinListViewController.swift */; };
/* End PBXBuildFile section */

/* Begin PBXContainerItemProxy section */
		7F258EF72061E33100A1B6ED /* PBXContainerItemProxy */ = {
			isa = PBXContainerItemProxy;
			containerPortal = 7F258EDA2061E33100A1B6ED /* Project object */;
			proxyType = 1;
			remoteGlobalIDString = 7F258EE12061E33100A1B6ED;
			remoteInfo = "On The Map";
		};
/* End PBXContainerItemProxy section */

/* Begin PBXFileReference section */
		7F15935E2063F48F0092CF58 /* DataBroker.swift */ = {isa = PBXFileReference; lastKnownFileType = sourcecode.swift; path = DataBroker.swift; sourceTree = "<group>"; };
		7F258EE22061E33100A1B6ED /* On The Map.app */ = {isa = PBXFileReference; explicitFileType = wrapper.application; includeInIndex = 0; path = "On The Map.app"; sourceTree = BUILT_PRODUCTS_DIR; };
		7F258EE52061E33100A1B6ED /* AppDelegate.swift */ = {isa = PBXFileReference; lastKnownFileType = sourcecode.swift; path = AppDelegate.swift; sourceTree = "<group>"; };
		7F258EE72061E33100A1B6ED /* ViewController.swift */ = {isa = PBXFileReference; lastKnownFileType = sourcecode.swift; path = ViewController.swift; sourceTree = "<group>"; };
		7F258EEA2061E33100A1B6ED /* Base */ = {isa = PBXFileReference; lastKnownFileType = file.storyboard; name = Base; path = Base.lproj/Main.storyboard; sourceTree = "<group>"; };
		7F258EEC2061E33100A1B6ED /* Assets.xcassets */ = {isa = PBXFileReference; lastKnownFileType = folder.assetcatalog; path = Assets.xcassets; sourceTree = "<group>"; };
		7F258EEF2061E33100A1B6ED /* Base */ = {isa = PBXFileReference; lastKnownFileType = file.storyboard; name = Base; path = Base.lproj/LaunchScreen.storyboard; sourceTree = "<group>"; };
		7F258EF12061E33100A1B6ED /* Info.plist */ = {isa = PBXFileReference; lastKnownFileType = text.plist.xml; path = Info.plist; sourceTree = "<group>"; };
		7F258EF62061E33100A1B6ED /* On The MapTests.xctest */ = {isa = PBXFileReference; explicitFileType = wrapper.cfbundle; includeInIndex = 0; path = "On The MapTests.xctest"; sourceTree = BUILT_PRODUCTS_DIR; };
		7F258EFA2061E33100A1B6ED /* On_The_MapTests.swift */ = {isa = PBXFileReference; lastKnownFileType = sourcecode.swift; path = On_The_MapTests.swift; sourceTree = "<group>"; };
		7F258EFC2061E33100A1B6ED /* Info.plist */ = {isa = PBXFileReference; lastKnownFileType = text.plist.xml; path = Info.plist; sourceTree = "<group>"; };
		7F258F052061E5ED00A1B6ED /* LoginTests.swift */ = {isa = PBXFileReference; lastKnownFileType = sourcecode.swift; path = LoginTests.swift; sourceTree = "<group>"; };
		7F258F072061E7EA00A1B6ED /* LoginViewController.swift */ = {isa = PBXFileReference; lastKnownFileType = sourcecode.swift; path = LoginViewController.swift; sourceTree = "<group>"; };
		7F258F092062752500A1B6ED /* batcat.jpg */ = {isa = PBXFileReference; lastKnownFileType = image.jpeg; path = batcat.jpg; sourceTree = "<group>"; };
		7F258F0B2062CA9300A1B6ED /* StudentLocation.swift */ = {isa = PBXFileReference; lastKnownFileType = sourcecode.swift; path = StudentLocation.swift; sourceTree = "<group>"; };
		7F258F0E2062CB1C00A1B6ED /* RequestResult.swift */ = {isa = PBXFileReference; lastKnownFileType = sourcecode.swift; path = RequestResult.swift; sourceTree = "<group>"; };
		7F2D92AB206C33070044F8DE /* MapViewController.swift */ = {isa = PBXFileReference; lastKnownFileType = sourcecode.swift; path = MapViewController.swift; sourceTree = "<group>"; };
		7F472DEC20867886000E86A4 /* GCDBlackBox.swift */ = {isa = PBXFileReference; fileEncoding = 4; lastKnownFileType = sourcecode.swift; path = GCDBlackBox.swift; sourceTree = "<group>"; };
		7FB68FFC2090FF15008A07AA /* AddPinViewController.swift */ = {isa = PBXFileReference; lastKnownFileType = sourcecode.swift; path = AddPinViewController.swift; sourceTree = "<group>"; };
		7FB6900020910CC8008A07AA /* ConfirmPinViewController.swift */ = {isa = PBXFileReference; lastKnownFileType = sourcecode.swift; path = ConfirmPinViewController.swift; sourceTree = "<group>"; };
		7FB690022093817A008A07AA /* PinListViewController.swift */ = {isa = PBXFileReference; lastKnownFileType = sourcecode.swift; path = PinListViewController.swift; sourceTree = "<group>"; };
/* End PBXFileReference section */

/* Begin PBXFrameworksBuildPhase section */
		7F258EDF2061E33100A1B6ED /* Frameworks */ = {
			isa = PBXFrameworksBuildPhase;
			buildActionMask = 2147483647;
			files = (
			);
			runOnlyForDeploymentPostprocessing = 0;
		};
		7F258EF32061E33100A1B6ED /* Frameworks */ = {
			isa = PBXFrameworksBuildPhase;
			buildActionMask = 2147483647;
			files = (
			);
			runOnlyForDeploymentPostprocessing = 0;
		};
/* End PBXFrameworksBuildPhase section */

/* Begin PBXGroup section */
		7F258ED92061E33100A1B6ED = {
			isa = PBXGroup;
			children = (
				7F258EE42061E33100A1B6ED /* On The Map */,
				7F258EF92061E33100A1B6ED /* On The MapTests */,
				7F258EE32061E33100A1B6ED /* Products */,
			);
			sourceTree = "<group>";
		};
		7F258EE32061E33100A1B6ED /* Products */ = {
			isa = PBXGroup;
			children = (
				7F258EE22061E33100A1B6ED /* On The Map.app */,
				7F258EF62061E33100A1B6ED /* On The MapTests.xctest */,
			);
			name = Products;
			sourceTree = "<group>";
		};
		7F258EE42061E33100A1B6ED /* On The Map */ = {
			isa = PBXGroup;
			children = (
				7F472DEC20867886000E86A4 /* GCDBlackBox.swift */,
				7F258EE52061E33100A1B6ED /* AppDelegate.swift */,
				7FB68FFF209102B1008A07AA /* DataBrokers */,
				7FB68FFE2091029F008A07AA /* ViewControllers */,
				7F258EEC2061E33100A1B6ED /* Assets.xcassets */,
				7F258F092062752500A1B6ED /* batcat.jpg */,
				7F258EE92061E33100A1B6ED /* Main.storyboard */,
				7F258EEE2061E33100A1B6ED /* LaunchScreen.storyboard */,
				7F258EF12061E33100A1B6ED /* Info.plist */,
				7F258F0D2062CB0800A1B6ED /* Models */,
			);
			path = "On The Map";
			sourceTree = "<group>";
		};
		7F258EF92061E33100A1B6ED /* On The MapTests */ = {
			isa = PBXGroup;
			children = (
				7F258EFA2061E33100A1B6ED /* On_The_MapTests.swift */,
				7F258F052061E5ED00A1B6ED /* LoginTests.swift */,
				7F258EFC2061E33100A1B6ED /* Info.plist */,
			);
			path = "On The MapTests";
			sourceTree = "<group>";
		};
		7F258F0D2062CB0800A1B6ED /* Models */ = {
			isa = PBXGroup;
			children = (
				7F258F0B2062CA9300A1B6ED /* StudentLocation.swift */,
				7F258F0E2062CB1C00A1B6ED /* RequestResult.swift */,
			);
			path = Models;
			sourceTree = "<group>";
		};
		7FB68FFE2091029F008A07AA /* ViewControllers */ = {
			isa = PBXGroup;
			children = (
				7F258EE72061E33100A1B6ED /* ViewController.swift */,
				7F258F072061E7EA00A1B6ED /* LoginViewController.swift */,
				7F2D92AB206C33070044F8DE /* MapViewController.swift */,
				7FB68FFC2090FF15008A07AA /* AddPinViewController.swift */,
				7FB6900020910CC8008A07AA /* ConfirmPinViewController.swift */,
				7FB690022093817A008A07AA /* PinListViewController.swift */,
			);
			path = ViewControllers;
			sourceTree = "<group>";
		};
		7FB68FFF209102B1008A07AA /* DataBrokers */ = {
			isa = PBXGroup;
			children = (
				7F15935E2063F48F0092CF58 /* DataBroker.swift */,
			);
			path = DataBrokers;
			sourceTree = "<group>";
		};
/* End PBXGroup section */

/* Begin PBXNativeTarget section */
		7F258EE12061E33100A1B6ED /* On The Map */ = {
			isa = PBXNativeTarget;
			buildConfigurationList = 7F258EFF2061E33100A1B6ED /* Build configuration list for PBXNativeTarget "On The Map" */;
			buildPhases = (
				7F258EDE2061E33100A1B6ED /* Sources */,
				7F258EDF2061E33100A1B6ED /* Frameworks */,
				7F258EE02061E33100A1B6ED /* Resources */,
			);
			buildRules = (
			);
			dependencies = (
			);
			name = "On The Map";
			productName = "On The Map";
			productReference = 7F258EE22061E33100A1B6ED /* On The Map.app */;
			productType = "com.apple.product-type.application";
		};
		7F258EF52061E33100A1B6ED /* On The MapTests */ = {
			isa = PBXNativeTarget;
			buildConfigurationList = 7F258F022061E33100A1B6ED /* Build configuration list for PBXNativeTarget "On The MapTests" */;
			buildPhases = (
				7F258EF22061E33100A1B6ED /* Sources */,
				7F258EF32061E33100A1B6ED /* Frameworks */,
				7F258EF42061E33100A1B6ED /* Resources */,
			);
			buildRules = (
			);
			dependencies = (
				7F258EF82061E33100A1B6ED /* PBXTargetDependency */,
			);
			name = "On The MapTests";
			productName = "On The MapTests";
			productReference = 7F258EF62061E33100A1B6ED /* On The MapTests.xctest */;
			productType = "com.apple.product-type.bundle.unit-test";
		};
/* End PBXNativeTarget section */

/* Begin PBXProject section */
		7F258EDA2061E33100A1B6ED /* Project object */ = {
			isa = PBXProject;
			attributes = {
				LastSwiftUpdateCheck = 0920;
				LastUpgradeCheck = 0920;
				ORGANIZATIONNAME = "Derek Justus";
				TargetAttributes = {
					7F258EE12061E33100A1B6ED = {
						CreatedOnToolsVersion = 9.2;
						ProvisioningStyle = Automatic;
					};
					7F258EF52061E33100A1B6ED = {
						CreatedOnToolsVersion = 9.2;
						ProvisioningStyle = Automatic;
						TestTargetID = 7F258EE12061E33100A1B6ED;
					};
				};
			};
			buildConfigurationList = 7F258EDD2061E33100A1B6ED /* Build configuration list for PBXProject "On The Map" */;
			compatibilityVersion = "Xcode 8.0";
			developmentRegion = en;
			hasScannedForEncodings = 0;
			knownRegions = (
				en,
				Base,
			);
			mainGroup = 7F258ED92061E33100A1B6ED;
			productRefGroup = 7F258EE32061E33100A1B6ED /* Products */;
			projectDirPath = "";
			projectRoot = "";
			targets = (
				7F258EE12061E33100A1B6ED /* On The Map */,
				7F258EF52061E33100A1B6ED /* On The MapTests */,
			);
		};
/* End PBXProject section */

/* Begin PBXResourcesBuildPhase section */
		7F258EE02061E33100A1B6ED /* Resources */ = {
			isa = PBXResourcesBuildPhase;
			buildActionMask = 2147483647;
			files = (
				7F258F0A2062752500A1B6ED /* batcat.jpg in Resources */,
				7F258EF02061E33100A1B6ED /* LaunchScreen.storyboard in Resources */,
				7F258EED2061E33100A1B6ED /* Assets.xcassets in Resources */,
				7F258EEB2061E33100A1B6ED /* Main.storyboard in Resources */,
			);
			runOnlyForDeploymentPostprocessing = 0;
		};
		7F258EF42061E33100A1B6ED /* Resources */ = {
			isa = PBXResourcesBuildPhase;
			buildActionMask = 2147483647;
			files = (
			);
			runOnlyForDeploymentPostprocessing = 0;
		};
/* End PBXResourcesBuildPhase section */

/* Begin PBXSourcesBuildPhase section */
		7F258EDE2061E33100A1B6ED /* Sources */ = {
			isa = PBXSourcesBuildPhase;
			buildActionMask = 2147483647;
			files = (
				7F472DED20867886000E86A4 /* GCDBlackBox.swift in Sources */,
				7FB690032093817A008A07AA /* PinListViewController.swift in Sources */,
				7FB68FFD2090FF15008A07AA /* AddPinViewController.swift in Sources */,
				7F258F0F2062CB1C00A1B6ED /* RequestResult.swift in Sources */,
				7FB6900120910CC8008A07AA /* ConfirmPinViewController.swift in Sources */,
				7F258F0C2062CA9300A1B6ED /* StudentLocation.swift in Sources */,
				7F258F082061E7EA00A1B6ED /* LoginViewController.swift in Sources */,
				7F258EE82061E33100A1B6ED /* ViewController.swift in Sources */,
				7F15935F2063F48F0092CF58 /* DataBroker.swift in Sources */,
				7F258EE62061E33100A1B6ED /* AppDelegate.swift in Sources */,
				7F2D92AC206C33070044F8DE /* MapViewController.swift in Sources */,
			);
			runOnlyForDeploymentPostprocessing = 0;
		};
		7F258EF22061E33100A1B6ED /* Sources */ = {
			isa = PBXSourcesBuildPhase;
			buildActionMask = 2147483647;
			files = (
				7F258EFB2061E33100A1B6ED /* On_The_MapTests.swift in Sources */,
				7F258F062061E5ED00A1B6ED /* LoginTests.swift in Sources */,
			);
			runOnlyForDeploymentPostprocessing = 0;
		};
/* End PBXSourcesBuildPhase section */

/* Begin PBXTargetDependency section */
		7F258EF82061E33100A1B6ED /* PBXTargetDependency */ = {
			isa = PBXTargetDependency;
			target = 7F258EE12061E33100A1B6ED /* On The Map */;
			targetProxy = 7F258EF72061E33100A1B6ED /* PBXContainerItemProxy */;
		};
/* End PBXTargetDependency section */

/* Begin PBXVariantGroup section */
		7F258EE92061E33100A1B6ED /* Main.storyboard */ = {
			isa = PBXVariantGroup;
			children = (
				7F258EEA2061E33100A1B6ED /* Base */,
			);
			name = Main.storyboard;
			sourceTree = "<group>";
		};
		7F258EEE2061E33100A1B6ED /* LaunchScreen.storyboard */ = {
			isa = PBXVariantGroup;
			children = (
				7F258EEF2061E33100A1B6ED /* Base */,
			);
			name = LaunchScreen.storyboard;
			sourceTree = "<group>";
		};
/* End PBXVariantGroup section */

/* Begin XCBuildConfiguration section */
		7F258EFD2061E33100A1B6ED /* Debug */ = {
			isa = XCBuildConfiguration;
			buildSettings = {
				ALWAYS_SEARCH_USER_PATHS = NO;
				CLANG_ANALYZER_NONNULL = YES;
				CLANG_ANALYZER_NUMBER_OBJECT_CONVERSION = YES_AGGRESSIVE;
				CLANG_CXX_LANGUAGE_STANDARD = "gnu++14";
				CLANG_CXX_LIBRARY = "libc++";
				CLANG_ENABLE_MODULES = YES;
				CLANG_ENABLE_OBJC_ARC = YES;
				CLANG_WARN_BLOCK_CAPTURE_AUTORELEASING = YES;
				CLANG_WARN_BOOL_CONVERSION = YES;
				CLANG_WARN_COMMA = YES;
				CLANG_WARN_CONSTANT_CONVERSION = YES;
				CLANG_WARN_DIRECT_OBJC_ISA_USAGE = YES_ERROR;
				CLANG_WARN_DOCUMENTATION_COMMENTS = YES;
				CLANG_WARN_EMPTY_BODY = YES;
				CLANG_WARN_ENUM_CONVERSION = YES;
				CLANG_WARN_INFINITE_RECURSION = YES;
				CLANG_WARN_INT_CONVERSION = YES;
				CLANG_WARN_NON_LITERAL_NULL_CONVERSION = YES;
				CLANG_WARN_OBJC_LITERAL_CONVERSION = YES;
				CLANG_WARN_OBJC_ROOT_CLASS = YES_ERROR;
				CLANG_WARN_RANGE_LOOP_ANALYSIS = YES;
				CLANG_WARN_STRICT_PROTOTYPES = YES;
				CLANG_WARN_SUSPICIOUS_MOVE = YES;
				CLANG_WARN_UNGUARDED_AVAILABILITY = YES_AGGRESSIVE;
				CLANG_WARN_UNREACHABLE_CODE = YES;
				CLANG_WARN__DUPLICATE_METHOD_MATCH = YES;
				CODE_SIGN_IDENTITY = "iPhone Developer";
				COPY_PHASE_STRIP = NO;
				DEBUG_INFORMATION_FORMAT = dwarf;
				ENABLE_STRICT_OBJC_MSGSEND = YES;
				ENABLE_TESTABILITY = YES;
				GCC_C_LANGUAGE_STANDARD = gnu11;
				GCC_DYNAMIC_NO_PIC = NO;
				GCC_NO_COMMON_BLOCKS = YES;
				GCC_OPTIMIZATION_LEVEL = 0;
				GCC_PREPROCESSOR_DEFINITIONS = (
					"DEBUG=1",
					"$(inherited)",
				);
				GCC_WARN_64_TO_32_BIT_CONVERSION = YES;
				GCC_WARN_ABOUT_RETURN_TYPE = YES_ERROR;
				GCC_WARN_UNDECLARED_SELECTOR = YES;
				GCC_WARN_UNINITIALIZED_AUTOS = YES_AGGRESSIVE;
				GCC_WARN_UNUSED_FUNCTION = YES;
				GCC_WARN_UNUSED_VARIABLE = YES;
				IPHONEOS_DEPLOYMENT_TARGET = 11.2;
				MTL_ENABLE_DEBUG_INFO = YES;
				ONLY_ACTIVE_ARCH = YES;
				SDKROOT = iphoneos;
				SWIFT_ACTIVE_COMPILATION_CONDITIONS = DEBUG;
				SWIFT_OPTIMIZATION_LEVEL = "-Onone";
			};
			name = Debug;
		};
		7F258EFE2061E33100A1B6ED /* Release */ = {
			isa = XCBuildConfiguration;
			buildSettings = {
				ALWAYS_SEARCH_USER_PATHS = NO;
				CLANG_ANALYZER_NONNULL = YES;
				CLANG_ANALYZER_NUMBER_OBJECT_CONVERSION = YES_AGGRESSIVE;
				CLANG_CXX_LANGUAGE_STANDARD = "gnu++14";
				CLANG_CXX_LIBRARY = "libc++";
				CLANG_ENABLE_MODULES = YES;
				CLANG_ENABLE_OBJC_ARC = YES;
				CLANG_WARN_BLOCK_CAPTURE_AUTORELEASING = YES;
				CLANG_WARN_BOOL_CONVERSION = YES;
				CLANG_WARN_COMMA = YES;
				CLANG_WARN_CONSTANT_CONVERSION = YES;
				CLANG_WARN_DIRECT_OBJC_ISA_USAGE = YES_ERROR;
				CLANG_WARN_DOCUMENTATION_COMMENTS = YES;
				CLANG_WARN_EMPTY_BODY = YES;
				CLANG_WARN_ENUM_CONVERSION = YES;
				CLANG_WARN_INFINITE_RECURSION = YES;
				CLANG_WARN_INT_CONVERSION = YES;
				CLANG_WARN_NON_LITERAL_NULL_CONVERSION = YES;
				CLANG_WARN_OBJC_LITERAL_CONVERSION = YES;
				CLANG_WARN_OBJC_ROOT_CLASS = YES_ERROR;
				CLANG_WARN_RANGE_LOOP_ANALYSIS = YES;
				CLANG_WARN_STRICT_PROTOTYPES = YES;
				CLANG_WARN_SUSPICIOUS_MOVE = YES;
				CLANG_WARN_UNGUARDED_AVAILABILITY = YES_AGGRESSIVE;
				CLANG_WARN_UNREACHABLE_CODE = YES;
				CLANG_WARN__DUPLICATE_METHOD_MATCH = YES;
				CODE_SIGN_IDENTITY = "iPhone Developer";
				COPY_PHASE_STRIP = NO;
				DEBUG_INFORMATION_FORMAT = "dwarf-with-dsym";
				ENABLE_NS_ASSERTIONS = NO;
				ENABLE_STRICT_OBJC_MSGSEND = YES;
				GCC_C_LANGUAGE_STANDARD = gnu11;
				GCC_NO_COMMON_BLOCKS = YES;
				GCC_WARN_64_TO_32_BIT_CONVERSION = YES;
				GCC_WARN_ABOUT_RETURN_TYPE = YES_ERROR;
				GCC_WARN_UNDECLARED_SELECTOR = YES;
				GCC_WARN_UNINITIALIZED_AUTOS = YES_AGGRESSIVE;
				GCC_WARN_UNUSED_FUNCTION = YES;
				GCC_WARN_UNUSED_VARIABLE = YES;
				IPHONEOS_DEPLOYMENT_TARGET = 11.2;
				MTL_ENABLE_DEBUG_INFO = NO;
				SDKROOT = iphoneos;
				SWIFT_OPTIMIZATION_LEVEL = "-Owholemodule";
				VALIDATE_PRODUCT = YES;
			};
			name = Release;
		};
		7F258F002061E33100A1B6ED /* Debug */ = {
			isa = XCBuildConfiguration;
			buildSettings = {
				ASSETCATALOG_COMPILER_APPICON_NAME = AppIcon;
				CODE_SIGN_STYLE = Automatic;
				DEVELOPMENT_TEAM = TDZS954DMQ;
				INFOPLIST_FILE = "On The Map/Info.plist";
				LD_RUNPATH_SEARCH_PATHS = "$(inherited) @executable_path/Frameworks";
				PRODUCT_BUNDLE_IDENTIFIER = "com.iosnano.On-The-Map";
				PRODUCT_NAME = "$(TARGET_NAME)";
				SWIFT_VERSION = 4.0;
				TARGETED_DEVICE_FAMILY = "1,2";
			};
			name = Debug;
		};
		7F258F012061E33100A1B6ED /* Release */ = {
			isa = XCBuildConfiguration;
			buildSettings = {
				ASSETCATALOG_COMPILER_APPICON_NAME = AppIcon;
				CODE_SIGN_STYLE = Automatic;
				DEVELOPMENT_TEAM = TDZS954DMQ;
				INFOPLIST_FILE = "On The Map/Info.plist";
				LD_RUNPATH_SEARCH_PATHS = "$(inherited) @executable_path/Frameworks";
				PRODUCT_BUNDLE_IDENTIFIER = "com.iosnano.On-The-Map";
				PRODUCT_NAME = "$(TARGET_NAME)";
				SWIFT_VERSION = 4.0;
				TARGETED_DEVICE_FAMILY = "1,2";
			};
			name = Release;
		};
		7F258F032061E33100A1B6ED /* Debug */ = {
			isa = XCBuildConfiguration;
			buildSettings = {
				ALWAYS_EMBED_SWIFT_STANDARD_LIBRARIES = YES;
				BUNDLE_LOADER = "$(TEST_HOST)";
				CODE_SIGN_STYLE = Automatic;
				DEVELOPMENT_TEAM = TDZS954DMQ;
				INFOPLIST_FILE = "On The MapTests/Info.plist";
				LD_RUNPATH_SEARCH_PATHS = "$(inherited) @executable_path/Frameworks @loader_path/Frameworks";
				PRODUCT_BUNDLE_IDENTIFIER = "com.iosnano.On-The-MapTests";
				PRODUCT_NAME = "$(TARGET_NAME)";
				SWIFT_VERSION = 4.0;
				TARGETED_DEVICE_FAMILY = "1,2";
				TEST_HOST = "$(BUILT_PRODUCTS_DIR)/On The Map.app/On The Map";
			};
			name = Debug;
		};
		7F258F042061E33100A1B6ED /* Release */ = {
			isa = XCBuildConfiguration;
			buildSettings = {
				ALWAYS_EMBED_SWIFT_STANDARD_LIBRARIES = YES;
				BUNDLE_LOADER = "$(TEST_HOST)";
				CODE_SIGN_STYLE = Automatic;
				DEVELOPMENT_TEAM = TDZS954DMQ;
				INFOPLIST_FILE = "On The MapTests/Info.plist";
				LD_RUNPATH_SEARCH_PATHS = "$(inherited) @executable_path/Frameworks @loader_path/Frameworks";
				PRODUCT_BUNDLE_IDENTIFIER = "com.iosnano.On-The-MapTests";
				PRODUCT_NAME = "$(TARGET_NAME)";
				SWIFT_VERSION = 4.0;
				TARGETED_DEVICE_FAMILY = "1,2";
				TEST_HOST = "$(BUILT_PRODUCTS_DIR)/On The Map.app/On The Map";
			};
			name = Release;
		};
/* End XCBuildConfiguration section */

/* Begin XCConfigurationList section */
		7F258EDD2061E33100A1B6ED /* Build configuration list for PBXProject "On The Map" */ = {
			isa = XCConfigurationList;
			buildConfigurations = (
				7F258EFD2061E33100A1B6ED /* Debug */,
				7F258EFE2061E33100A1B6ED /* Release */,
			);
			defaultConfigurationIsVisible = 0;
			defaultConfigurationName = Release;
		};
		7F258EFF2061E33100A1B6ED /* Build configuration list for PBXNativeTarget "On The Map" */ = {
			isa = XCConfigurationList;
			buildConfigurations = (
				7F258F002061E33100A1B6ED /* Debug */,
				7F258F012061E33100A1B6ED /* Release */,
			);
			defaultConfigurationIsVisible = 0;
			defaultConfigurationName = Release;
		};
		7F258F022061E33100A1B6ED /* Build configuration list for PBXNativeTarget "On The MapTests" */ = {
			isa = XCConfigurationList;
			buildConfigurations = (
				7F258F032061E33100A1B6ED /* Debug */,
				7F258F042061E33100A1B6ED /* Release */,
			);
			defaultConfigurationIsVisible = 0;
			defaultConfigurationName = Release;
		};
/* End XCConfigurationList section */
	};
	rootObject = 7F258EDA2061E33100A1B6ED /* Project object */;
}
